PODS:
  - barcode_scan (0.0.1):
    - Flutter
    - MTBBarcodeScanner
  - brother_printer (0.0.1):
    - Flutter
  - connectivity (0.0.1):
    - Flutter
    - Reachability
  - Flutter (1.0.0)
  - flutter_image_compress (0.0.1):
    - Flutter
    - Mantle
  - flutter_jpush (0.0.1):
    - Flutter
    - JPush
  - fluttertoast (0.0.2):
    - Flutter
  - image_picker (0.0.1):
    - Flutter
  - JCore (2.1.4)
  - JPush (3.2.6):
    - JCore (< 3.0.0, >= 2.0.0)
  - Mantle (2.1.0):
    - Mantle/extobjc (= 2.1.0)
  - Mantle/extobjc (2.1.0)
  - MTBBarcodeScanner (5.0.11)
  - permission_handler (4.0.0):
    - Flutter
  - Reachability (3.2)
  - shared_preferences (0.0.1):
    - Flutter
  - url_launcher (0.0.1):
    - Flutter

DEPENDENCIES:
  - barcode_scan (from `.symlinks/plugins/barcode_scan/ios`)
  - brother_printer (from `.symlinks/plugins/brother_printer/ios`)
  - connectivity (from `.symlinks/plugins/connectivity/ios`)
  - Flutter (from `Flutter`)
  - flutter_image_compress (from `.symlinks/plugins/flutter_image_compress/ios`)
  - flutter_jpush (from `.symlinks/plugins/flutter_jpush/ios`)
  - fluttertoast (from `.symlinks/plugins/fluttertoast/ios`)
  - image_picker (from `.symlinks/plugins/image_picker/ios`)
  - permission_handler (from `.symlinks/plugins/permission_handler/ios`)
  - shared_preferences (from `.symlinks/plugins/shared_preferences/ios`)
  - url_launcher (from `.symlinks/plugins/url_launcher/ios`)

SPEC REPOS:
  trunk:
    - JCore
    - JPush
    - Mantle
    - MTBBarcodeScanner
    - Reachability

EXTERNAL SOURCES:
  barcode_scan:
    :path: ".symlinks/plugins/barcode_scan/ios"
  brother_printer:
    :path: ".symlinks/plugins/brother_printer/ios"
  connectivity:
    :path: ".symlinks/plugins/connectivity/ios"
  Flutter:
    :path: Flutter
  flutter_image_compress:
    :path: ".symlinks/plugins/flutter_image_compress/ios"
  flutter_jpush:
    :path: ".symlinks/plugins/flutter_jpush/ios"
  fluttertoast:
    :path: ".symlinks/plugins/fluttertoast/ios"
  image_picker:
    :path: ".symlinks/plugins/image_picker/ios"
  permission_handler:
    :path: ".symlinks/plugins/permission_handler/ios"
  shared_preferences:
    :path: ".symlinks/plugins/shared_preferences/ios"
  url_launcher:
    :path: ".symlinks/plugins/url_launcher/ios"

SPEC CHECKSUMS:
  barcode_scan: 33f586d02270046fc6559135038b34b5754eaa4f
  brother_printer: 4624b35e200561146a8106f27b5cdf022c0b19b6
  connectivity: 6e94255659cc86dcbef1d452ad3e0491bb1b3e75
  Flutter: 0e3d915762c693b495b44d77113d4970485de6ec
  flutter_image_compress: f69d0e0e078ce52b4810695593bc861ee319ae7d
  flutter_jpush: bb278c661136b2a2032e96ffc15bbce871d3fb02
  fluttertoast: b644586ef3b16f67fae9a1f8754cef6b2d6b634b
  image_picker: e3eacd46b94694dde7cf2705955cece853aa1a8f
  JCore: d345c049141877eb61c33011455fdb5fcab1673f
  JPush: 41dd48a69bd8c08abc692dc7f2b23c0fb281471f
  Mantle: 2fa750afa478cd625a94230fbf1c13462f29395b
  MTBBarcodeScanner: f453b33c4b7dfe545d8c6484ed744d55671788cb
  permission_handler: 0fb88b8a3c23e31e5de45b8f1bb8b7de28cf8941
  Reachability: 33e18b67625424e47b6cde6d202dce689ad7af96
  shared_preferences: 430726339841afefe5142b9c1f50cb6bd7793e01
  url_launcher: a1c0cc845906122c4784c542523d8cacbded5626

PODFILE CHECKSUM: 0c0716bf3d41b30c422cc4aced86e546111782b2

COCOAPODS: 1.8.4
